
Microsoft Visual Studio Solution File, Format Version 12.00
# Visual Studio 2013
VisualStudioVersion = 12.0.40629.0
MinimumVisualStudioVersion = 10.0.40219.1
Project("{FAE04EC0-301F-11D3-BF4B-00C04F79EFBC}") = "SystematicWebApi", "SystematicWebApi\SystematicWebApi.csproj", "{5CE35ED4-C604-491A-A221-79B4183E3BCD}"
EndProject
Project("{FAE04EC0-301F-11D3-BF4B-00C04F79EFBC}") = "SystematicWebApi.Tests", "SystematicWebApi.Tests\SystematicWebApi.Tests.csproj", "{00BC4847-CA9C-46B1-8BAF-557A369B4F50}"
EndProject
Global
	GlobalSection(SolutionConfigurationPlatforms) = preSolution
		Debug|Any CPU = Debug|Any CPU
		Release|Any CPU = Release|Any CPU
	EndGlobalSection
	GlobalSection(ProjectConfigurationPlatforms) = postSolution
		{5CE35ED4-C604-491A-A221-79B4183E3BCD}.Debug|Any CPU.ActiveCfg = Debug|Any CPU
		{5CE35ED4-C604-491A-A221-79B4183E3BCD}.Debug|Any CPU.Build.0 = Debug|Any CPU
		{5CE35ED4-C604-491A-A221-79B4183E3BCD}.Release|Any CPU.ActiveCfg = Release|Any CPU
		{5CE35ED4-C604-491A-A221-79B4183E3BCD}.Release|Any CPU.Build.0 = Release|Any CPU
		{00BC4847-CA9C-46B1-8BAF-557A369B4F50}.Debug|Any CPU.ActiveCfg = Debug|Any CPU
		{00BC4847-CA9C-46B1-8BAF-557A369B4F50}.Debug|Any CPU.Build.0 = Debug|Any CPU
		{00BC4847-CA9C-46B1-8BAF-557A369B4F50}.Release|Any CPU.ActiveCfg = Release|Any CPU
		{00BC4847-CA9C-46B1-8BAF-557A369B4F50}.Release|Any CPU.Build.0 = Release|Any CPU
	EndGlobalSection
	GlobalSection(SolutionProperties) = preSolution
		HideSolutionNode = FALSE
	EndGlobalSection
EndGlobal
